
Microsoft Visual Studio Solution File, Format Version 12.00
# Visual Studio Version 16
VisualStudioVersion = 16.0.29709.97
MinimumVisualStudioVersion = 10.0.40219.1
Project("{FAE04EC0-301F-11D3-BF4B-00C04F79EFBC}") = "ConditionalStatementYuanluFang", "ConditionalStatementYuanluFang.csproj", "{FDE6A6F8-7FFE-4470-8A80-B7516D08BCA7}"
EndProject
Global
	GlobalSection(SolutionConfigurationPlatforms) = preSolution
		Debug|Any CPU = Debug|Any CPU
		Release|Any CPU = Release|Any CPU
	EndGlobalSection
	GlobalSection(ProjectConfigurationPlatforms) = postSolution
		{FDE6A6F8-7FFE-4470-8A80-B7516D08BCA7}.Debug|Any CPU.ActiveCfg = Debug|Any CPU
		{FDE6A6F8-7FFE-4470-8A80-B7516D08BCA7}.Debug|Any CPU.Build.0 = Debug|Any CPU
		{FDE6A6F8-7FFE-4470-8A80-B7516D08BCA7}.Release|Any CPU.ActiveCfg = Release|Any CPU
		{FDE6A6F8-7FFE-4470-8A80-B7516D08BCA7}.Release|Any CPU.Build.0 = Release|Any CPU
	EndGlobalSection
	GlobalSection(SolutionProperties) = preSolution
		HideSolutionNode = FALSE
	EndGlobalSection
	GlobalSection(ExtensibilityGlobals) = postSolution
		SolutionGuid = {0B2BC022-1A0C-4353-A0AE-F7CFCAE8836E}
	EndGlobalSection
EndGlobal
